
Microsoft Visual Studio Solution File, Format Version 12.00
# Visual Studio 15
VisualStudioVersion = 15.0.27703.2026
MinimumVisualStudioVersion = 10.0.40219.1
Project("{FAE04EC0-301F-11D3-BF4B-00C04F79EFBC}") = "WebApp", "WebApp\WebApp.csproj", "{9F655611-768E-4414-9814-282B0F17C706}"
EndProject
Project("{FAE04EC0-301F-11D3-BF4B-00C04F79EFBC}") = "NorthwindSystem", "NorthwindSystem\NorthwindSystem.csproj", "{3E708E00-8989-410B-85CD-79C06D7B8A74}"
EndProject
Project("{FAE04EC0-301F-11D3-BF4B-00C04F79EFBC}") = "NorthwindSystem.Data", "NorthwindSystem.Data\NorthwindSystem.Data.csproj", "{D5E035B2-2091-41CC-9C00-10B185D8C0D8}"
EndProject
Global
	GlobalSection(SolutionConfigurationPlatforms) = preSolution
		Debug|Any CPU = Debug|Any CPU
		Release|Any CPU = Release|Any CPU
	EndGlobalSection
	GlobalSection(ProjectConfigurationPlatforms) = postSolution
		{9F655611-768E-4414-9814-282B0F17C706}.Debug|Any CPU.ActiveCfg = Debug|Any CPU
		{9F655611-768E-4414-9814-282B0F17C706}.Debug|Any CPU.Build.0 = Debug|Any CPU
		{9F655611-768E-4414-9814-282B0F17C706}.Release|Any CPU.ActiveCfg = Release|Any CPU
		{9F655611-768E-4414-9814-282B0F17C706}.Release|Any CPU.Build.0 = Release|Any CPU
		{3E708E00-8989-410B-85CD-79C06D7B8A74}.Debug|Any CPU.ActiveCfg = Debug|Any CPU
		{3E708E00-8989-410B-85CD-79C06D7B8A74}.Debug|Any CPU.Build.0 = Debug|Any CPU
		{3E708E00-8989-410B-85CD-79C06D7B8A74}.Release|Any CPU.ActiveCfg = Release|Any CPU
		{3E708E00-8989-410B-85CD-79C06D7B8A74}.Release|Any CPU.Build.0 = Release|Any CPU
		{D5E035B2-2091-41CC-9C00-10B185D8C0D8}.Debug|Any CPU.ActiveCfg = Debug|Any CPU
		{D5E035B2-2091-41CC-9C00-10B185D8C0D8}.Debug|Any CPU.Build.0 = Debug|Any CPU
		{D5E035B2-2091-41CC-9C00-10B185D8C0D8}.Release|Any CPU.ActiveCfg = Release|Any CPU
		{D5E035B2-2091-41CC-9C00-10B185D8C0D8}.Release|Any CPU.Build.0 = Release|Any CPU
	EndGlobalSection
	GlobalSection(SolutionProperties) = preSolution
		HideSolutionNode = FALSE
	EndGlobalSection
	GlobalSection(ExtensibilityGlobals) = postSolution
		SolutionGuid = {531B1419-773B-4E5D-9D71-32E0F7A90C17}
	EndGlobalSection
EndGlobal
